
Microsoft Visual Studio Solution File, Format Version 12.00
# Visual Studio Version 16
VisualStudioVersion = 16.0.29920.165
MinimumVisualStudioVersion = 10.0.40219.1
Project("{FAE04EC0-301F-11D3-BF4B-00C04F79EFBC}") = "ReadTextFile", "ReadTextFile\ReadTextFile.csproj", "{1F4A6417-FE7C-40BC-9267-89F161801177}"
EndProject
Global
	GlobalSection(SolutionConfigurationPlatforms) = preSolution
		Debug|Any CPU = Debug|Any CPU
		Release|Any CPU = Release|Any CPU
	EndGlobalSection
	GlobalSection(ProjectConfigurationPlatforms) = postSolution
		{1F4A6417-FE7C-40BC-9267-89F161801177}.Debug|Any CPU.ActiveCfg = Debug|Any CPU
		{1F4A6417-FE7C-40BC-9267-89F161801177}.Debug|Any CPU.Build.0 = Debug|Any CPU
		{1F4A6417-FE7C-40BC-9267-89F161801177}.Release|Any CPU.ActiveCfg = Release|Any CPU
		{1F4A6417-FE7C-40BC-9267-89F161801177}.Release|Any CPU.Build.0 = Release|Any CPU
	EndGlobalSection
	GlobalSection(SolutionProperties) = preSolution
		HideSolutionNode = FALSE
	EndGlobalSection
	GlobalSection(ExtensibilityGlobals) = postSolution
		SolutionGuid = {1B025575-DD81-4954-A4DA-1D761D88121C}
	EndGlobalSection
EndGlobal
